PODS:
  - AWSCore (2.27.10)
  - AWSIoT (2.27.10):
    - AWSCore (= 2.27.10)

DEPENDENCIES:
  - AWSIoT

SPEC REPOS:
  trunk:
    - AWSCore
    - AWSIoT

SPEC CHECKSUMS:
  AWSCore: dbad318b7ff0fd86fb8387d3ad1f30049c05bc58
  AWSIoT: dd6ee59c2906b5c8662312c9f70b9c74ef3fbef2

PODFILE CHECKSUM: c18ef56dd0dfe4f941770750dcebb8bfa270e9e2

COCOAPODS: 1.11.3
